
Microsoft Visual Studio Solution File, Format Version 12.00
# Visual Studio Version 16
VisualStudioVersion = 16.0.32510.428
MinimumVisualStudioVersion = 10.0.40219.1
Project("{FAE04EC0-301F-11D3-BF4B-00C04F79EFBC}") = "Oscilloscope", "Oscilloscope.csproj", "{4D6625CD-3145-403A-88DD-C5F9FF24A5A9}"
EndProject
Global
	GlobalSection(SolutionConfigurationPlatforms) = preSolution
		Debug|Any CPU = Debug|Any CPU
		Release|Any CPU = Release|Any CPU
	EndGlobalSection
	GlobalSection(ProjectConfigurationPlatforms) = postSolution
		{4D6625CD-3145-403A-88DD-C5F9FF24A5A9}.Debug|Any CPU.ActiveCfg = Debug|Any CPU
		{4D6625CD-3145-403A-88DD-C5F9FF24A5A9}.Debug|Any CPU.Build.0 = Debug|Any CPU
		{4D6625CD-3145-403A-88DD-C5F9FF24A5A9}.Release|Any CPU.ActiveCfg = Release|Any CPU
		{4D6625CD-3145-403A-88DD-C5F9FF24A5A9}.Release|Any CPU.Build.0 = Release|Any CPU
	EndGlobalSection
	GlobalSection(SolutionProperties) = preSolution
		HideSolutionNode = FALSE
	EndGlobalSection
	GlobalSection(ExtensibilityGlobals) = postSolution
		SolutionGuid = {1CB26EA7-0ED0-4D7E-A20D-1F78752C64C3}
	EndGlobalSection
EndGlobal
